
Microsoft Visual Studio Solution File, Format Version 12.00
# Visual Studio Version 17
VisualStudioVersion = 17.7.34031.279
MinimumVisualStudioVersion = 10.0.40219.1
Project("{8BC9CEB8-8B4A-11D0-8D11-00A0C91BC942}") = "PG2_ET2", "PG2_ET2\PG2_ET2.vcxproj", "{E66A2BB7-324D-4F37-B3C0-0F7AA06026EB}"
EndProject
Global
	GlobalSection(SolutionConfigurationPlatforms) = preSolution
		Debug|x64 = Debug|x64
		Release|x64 = Release|x64
	EndGlobalSection
	GlobalSection(ProjectConfigurationPlatforms) = postSolution
		{E66A2BB7-324D-4F37-B3C0-0F7AA06026EB}.Debug|x64.ActiveCfg = Debug|x64
		{E66A2BB7-324D-4F37-B3C0-0F7AA06026EB}.Debug|x64.Build.0 = Debug|x64
		{E66A2BB7-324D-4F37-B3C0-0F7AA06026EB}.Release|x64.ActiveCfg = Release|x64
		{E66A2BB7-324D-4F37-B3C0-0F7AA06026EB}.Release|x64.Build.0 = Release|x64
	EndGlobalSection
	GlobalSection(SolutionProperties) = preSolution
		HideSolutionNode = FALSE
	EndGlobalSection
	GlobalSection(ExtensibilityGlobals) = postSolution
		SolutionGuid = {EF44D43E-8979-4387-874E-AA566011CE7F}
	EndGlobalSection
EndGlobal
